// !$*UTF8*$!
{
	archiveVersion = 1;
	classes = {
	};
	objectVersion = 77;
	objects = {

/* Begin PBXBuildFile section */
		EA427D102DDE1C2F0006FBDD /* SDWebImageSwiftUI in Frameworks */ = {isa = PBXBuildFile; productRef = EA427D0F2DDE1C2F0006FBDD /* SDWebImageSwiftUI */; };
		EAD9C65B2DDDF37F006FBDD9 /* FirebaseAnalytics in Frameworks */ = {isa = PBXBuildFile; productRef = EAD9C65A2DDDF37F006FBDD9 /* FirebaseAnalytics */; };
		EAD9C65D2DDDF37F006FBDD9 /* FirebaseAuth in Frameworks */ = {isa = PBXBuildFile; productRef = EAD9C65C2DDDF37F006FBDD9 /* FirebaseAuth */; };
		EAD9C65F2DDDF37F006FBDD9 /* FirebaseCore in Frameworks */ = {isa = PBXBuildFile; productRef = EAD9C65E2DDDF37F006FBDD9 /* FirebaseCore */; };
		EAD9C6612DDDF37F006FBDD9 /* FirebaseCrashlytics in Frameworks */ = {isa = PBXBuildFile; productRef = EAD9C6602DDDF37F006FBDD9 /* FirebaseCrashlytics */; };
		EAD9C6632DDDF37F006FBDD9 /* FirebaseFirestore in Frameworks */ = {isa = PBXBuildFile; productRef = EAD9C6622DDDF37F006FBDD9 /* FirebaseFirestore */; };
		EAD9C6652DDDF37F006FBDD9 /* FirebaseMessaging in Frameworks */ = {isa = PBXBuildFile; productRef = EAD9C6642DDDF37F006FBDD9 /* FirebaseMessaging */; };
		EAD9C6672DDDF37F006FBDD9 /* FirebaseRemoteConfig in Frameworks */ = {isa = PBXBuildFile; productRef = EAD9C6662DDDF37F006FBDD9 /* FirebaseRemoteConfig */; };
		EAD9C6692DDDF37F006FBDD9 /* FirebaseStorage in Frameworks */ = {isa = PBXBuildFile; productRef = EAD9C6682DDDF37F006FBDD9 /* FirebaseStorage */; };
		EAD9C66C2DDDF69D006FBDD9 /* GoogleSignIn in Frameworks */ = {isa = PBXBuildFile; productRef = EAD9C66B2DDDF69D006FBDD9 /* GoogleSignIn */; };
		EAD9C66E2DDDF69D006FBDD9 /* GoogleSignInSwift in Frameworks */ = {isa = PBXBuildFile; productRef = EAD9C66D2DDDF69D006FBDD9 /* GoogleSignInSwift */; };
/* End PBXBuildFile section */

/* Begin PBXFileReference section */
		EAD9C6462DDDEF6F006FBDD9 /* MindEase.app */ = {isa = PBXFileReference; explicitFileType = wrapper.application; includeInIndex = 0; path = MindEase.app; sourceTree = BUILT_PRODUCTS_DIR; };
/* End PBXFileReference section */

/* Begin PBXFileSystemSynchronizedBuildFileExceptionSet section */
		EAD9C69D2DDDFB99006FBDD9 /* Exceptions for "MindEase" folder in "MindEase" target */ = {
			isa = PBXFileSystemSynchronizedBuildFileExceptionSet;
			membershipExceptions = (
				Info.plist,
			);
			target = EAD9C6452DDDEF6F006FBDD9 /* MindEase */;
		};
/* End PBXFileSystemSynchronizedBuildFileExceptionSet section */

/* Begin PBXFileSystemSynchronizedRootGroup section */
		EAD9C6972DDDFB99006FBDD9 /* MindEase */ = {
			isa = PBXFileSystemSynchronizedRootGroup;
			exceptions = (
				EAD9C69D2DDDFB99006FBDD9 /* Exceptions for "MindEase" folder in "MindEase" target */,
			);
			path = MindEase;
			sourceTree = "<group>";
		};
/* End PBXFileSystemSynchronizedRootGroup section */

/* Begin PBXFrameworksBuildPhase section */
		EAD9C6432DDDEF6F006FBDD9 /* Frameworks */ = {
			isa = PBXFrameworksBuildPhase;
			buildActionMask = 2147483647;
			files = (
				EAD9C6652DDDF37F006FBDD9 /* FirebaseMessaging in Frameworks */,
				EAD9C65B2DDDF37F006FBDD9 /* FirebaseAnalytics in Frameworks */,
				EAD9C6612DDDF37F006FBDD9 /* FirebaseCrashlytics in Frameworks */,
				EAD9C6672DDDF37F006FBDD9 /* FirebaseRemoteConfig in Frameworks */,
				EAD9C65F2DDDF37F006FBDD9 /* FirebaseCore in Frameworks */,
				EAD9C66E2DDDF69D006FBDD9 /* GoogleSignInSwift in Frameworks */,
				EAD9C6692DDDF37F006FBDD9 /* FirebaseStorage in Frameworks */,
				EAD9C6632DDDF37F006FBDD9 /* FirebaseFirestore in Frameworks */,
				EA427D102DDE1C2F0006FBDD /* SDWebImageSwiftUI in Frameworks */,
				EAD9C65D2DDDF37F006FBDD9 /* FirebaseAuth in Frameworks */,
				EAD9C66C2DDDF69D006FBDD9 /* GoogleSignIn in Frameworks */,
			);
			runOnlyForDeploymentPostprocessing = 0;
		};
/* End PBXFrameworksBuildPhase section */

/* Begin PBXGroup section */
		EAD9C63D2DDDEF6F006FBDD9 = {
			isa = PBXGroup;
			children = (
				EAD9C6972DDDFB99006FBDD9 /* MindEase */,
				EAD9C6472DDDEF6F006FBDD9 /* Products */,
			);
			sourceTree = "<group>";
		};
		EAD9C6472DDDEF6F006FBDD9 /* Products */ = {
			isa = PBXGroup;
			children = (
				EAD9C6462DDDEF6F006FBDD9 /* MindEase.app */,
			);
			name = Products;
			sourceTree = "<group>";
		};
/* End PBXGroup section */

/* Begin PBXNativeTarget section */
		EAD9C6452DDDEF6F006FBDD9 /* MindEase */ = {
			isa = PBXNativeTarget;
			buildConfigurationList = EAD9C6512DDDEF70006FBDD9 /* Build configuration list for PBXNativeTarget "MindEase" */;
			buildPhases = (
				EAD9C6422DDDEF6F006FBDD9 /* Sources */,
				EAD9C6432DDDEF6F006FBDD9 /* Frameworks */,
				EAD9C6442DDDEF6F006FBDD9 /* Resources */,
			);
			buildRules = (
			);
			dependencies = (
			);
			fileSystemSynchronizedGroups = (
				EAD9C6972DDDFB99006FBDD9 /* MindEase */,
			);
			name = MindEase;
			packageProductDependencies = (
				EAD9C65A2DDDF37F006FBDD9 /* FirebaseAnalytics */,
				EAD9C65C2DDDF37F006FBDD9 /* FirebaseAuth */,
				EAD9C65E2DDDF37F006FBDD9 /* FirebaseCore */,
				EAD9C6602DDDF37F006FBDD9 /* FirebaseCrashlytics */,
				EAD9C6622DDDF37F006FBDD9 /* FirebaseFirestore */,
				EAD9C6642DDDF37F006FBDD9 /* FirebaseMessaging */,
				EAD9C6662DDDF37F006FBDD9 /* FirebaseRemoteConfig */,
				EAD9C6682DDDF37F006FBDD9 /* FirebaseStorage */,
				EAD9C66B2DDDF69D006FBDD9 /* GoogleSignIn */,
				EAD9C66D2DDDF69D006FBDD9 /* GoogleSignInSwift */,
				EA427D0F2DDE1C2F0006FBDD /* SDWebImageSwiftUI */,
			);
			productName = MindEase;
			productReference = EAD9C6462DDDEF6F006FBDD9 /* MindEase.app */;
			productType = "com.apple.product-type.application";
		};
/* End PBXNativeTarget section */

/* Begin PBXProject section */
		EAD9C63E2DDDEF6F006FBDD9 /* Project object */ = {
			isa = PBXProject;
			attributes = {
				BuildIndependentTargetsInParallel = 1;
				LastSwiftUpdateCheck = 1630;
				LastUpgradeCheck = 1630;
				TargetAttributes = {
					EAD9C6452DDDEF6F006FBDD9 = {
						CreatedOnToolsVersion = 16.3;
					};
				};
			};
			buildConfigurationList = EAD9C6412DDDEF6F006FBDD9 /* Build configuration list for PBXProject "MindEase" */;
			developmentRegion = en;
			hasScannedForEncodings = 0;
			knownRegions = (
				en,
				Base,
			);
			mainGroup = EAD9C63D2DDDEF6F006FBDD9;
			minimizedProjectReferenceProxies = 1;
			packageReferences = (
				EAD9C6592DDDF37F006FBDD9 /* XCRemoteSwiftPackageReference "firebase-ios-sdk" */,
				EAD9C66A2DDDF69D006FBDD9 /* XCRemoteSwiftPackageReference "GoogleSignIn-iOS" */,
				EA427D0E2DDE1C2F0006FBDD /* XCRemoteSwiftPackageReference "SDWebImageSwiftUI" */,
			);
			preferredProjectObjectVersion = 77;
			productRefGroup = EAD9C6472DDDEF6F006FBDD9 /* Products */;
			projectDirPath = "";
			projectRoot = "";
			targets = (
				EAD9C6452DDDEF6F006FBDD9 /* MindEase */,
			);
		};
/* End PBXProject section */

/* Begin PBXResourcesBuildPhase section */
		EAD9C6442DDDEF6F006FBDD9 /* Resources */ = {
			isa = PBXResourcesBuildPhase;
			buildActionMask = 2147483647;
			files = (
			);
			runOnlyForDeploymentPostprocessing = 0;
		};
/* End PBXResourcesBuildPhase section */

/* Begin PBXSourcesBuildPhase section */
		EAD9C6422DDDEF6F006FBDD9 /* Sources */ = {
			isa = PBXSourcesBuildPhase;
			buildActionMask = 2147483647;
			files = (
			);
			runOnlyForDeploymentPostprocessing = 0;
		};
/* End PBXSourcesBuildPhase section */

/* Begin XCBuildConfiguration section */
		EAD9C64F2DDDEF70006FBDD9 /* Debug */ = {
			isa = XCBuildConfiguration;
			buildSettings = {
				ALWAYS_SEARCH_USER_PATHS = NO;
				ASSETCATALOG_COMPILER_GENERATE_SWIFT_ASSET_SYMBOL_EXTENSIONS = YES;
				CLANG_ANALYZER_NONNULL = YES;
				CLANG_ANALYZER_NUMBER_OBJECT_CONVERSION = YES_AGGRESSIVE;
				CLANG_CXX_LANGUAGE_STANDARD = "gnu++20";
				CLANG_ENABLE_MODULES = YES;
				CLANG_ENABLE_OBJC_ARC = YES;
				CLANG_ENABLE_OBJC_WEAK = YES;
				CLANG_WARN_BLOCK_CAPTURE_AUTORELEASING = YES;
				CLANG_WARN_BOOL_CONVERSION = YES;
				CLANG_WARN_COMMA = YES;
				CLANG_WARN_CONSTANT_CONVERSION = YES;
				CLANG_WARN_DEPRECATED_OBJC_IMPLEMENTATIONS = YES;
				CLANG_WARN_DIRECT_OBJC_ISA_USAGE = YES_ERROR;
				CLANG_WARN_DOCUMENTATION_COMMENTS = YES;
				CLANG_WARN_EMPTY_BODY = YES;
				CLANG_WARN_ENUM_CONVERSION = YES;
				CLANG_WARN_INFINITE_RECURSION = YES;
				CLANG_WARN_INT_CONVERSION = YES;
				CLANG_WARN_NON_LITERAL_NULL_CONVERSION = YES;
				CLANG_WARN_OBJC_IMPLICIT_RETAIN_SELF = YES;
				CLANG_WARN_OBJC_LITERAL_CONVERSION = YES;
				CLANG_WARN_OBJC_ROOT_CLASS = YES_ERROR;
				CLANG_WARN_QUOTED_INCLUDE_IN_FRAMEWORK_HEADER = YES;
				CLANG_WARN_RANGE_LOOP_ANALYSIS = YES;
				CLANG_WARN_STRICT_PROTOTYPES = YES;
				CLANG_WARN_SUSPICIOUS_MOVE = YES;
				CLANG_WARN_UNGUARDED_AVAILABILITY = YES_AGGRESSIVE;
				CLANG_WARN_UNREACHABLE_CODE = YES;
				CLANG_WARN__DUPLICATE_METHOD_MATCH = YES;
				COPY_PHASE_STRIP = NO;
				DEBUG_INFORMATION_FORMAT = dwarf;
				DEVELOPMENT_TEAM = BVPC6QX93W;
				ENABLE_STRICT_OBJC_MSGSEND = YES;
				ENABLE_TESTABILITY = YES;
				ENABLE_USER_SCRIPT_SANDBOXING = YES;
				GCC_C_LANGUAGE_STANDARD = gnu17;
				GCC_DYNAMIC_NO_PIC = NO;
				GCC_NO_COMMON_BLOCKS = YES;
				GCC_OPTIMIZATION_LEVEL = 0;
				GCC_PREPROCESSOR_DEFINITIONS = (
					"DEBUG=1",
					"$(inherited)",
				);
				GCC_WARN_64_TO_32_BIT_CONVERSION = YES;
				GCC_WARN_ABOUT_RETURN_TYPE = YES_ERROR;
				GCC_WARN_UNDECLARED_SELECTOR = YES;
				GCC_WARN_UNINITIALIZED_AUTOS = YES_AGGRESSIVE;
				GCC_WARN_UNUSED_FUNCTION = YES;
				GCC_WARN_UNUSED_VARIABLE = YES;
				IPHONEOS_DEPLOYMENT_TARGET = 18.4;
				LOCALIZATION_PREFERS_STRING_CATALOGS = YES;
				MTL_ENABLE_DEBUG_INFO = INCLUDE_SOURCE;
				MTL_FAST_MATH = YES;
				ONLY_ACTIVE_ARCH = YES;
				SDKROOT = iphoneos;
				SWIFT_ACTIVE_COMPILATION_CONDITIONS = "DEBUG $(inherited)";
				SWIFT_OPTIMIZATION_LEVEL = "-Onone";
			};
			name = Debug;
		};
		EAD9C6502DDDEF70006FBDD9 /* Release */ = {
			isa = XCBuildConfiguration;
			buildSettings = {
				ALWAYS_SEARCH_USER_PATHS = NO;
				ASSETCATALOG_COMPILER_GENERATE_SWIFT_ASSET_SYMBOL_EXTENSIONS = YES;
				CLANG_ANALYZER_NONNULL = YES;
				CLANG_ANALYZER_NUMBER_OBJECT_CONVERSION = YES_AGGRESSIVE;
				CLANG_CXX_LANGUAGE_STANDARD = "gnu++20";
				CLANG_ENABLE_MODULES = YES;
				CLANG_ENABLE_OBJC_ARC = YES;
				CLANG_ENABLE_OBJC_WEAK = YES;
				CLANG_WARN_BLOCK_CAPTURE_AUTORELEASING = YES;
				CLANG_WARN_BOOL_CONVERSION = YES;
				CLANG_WARN_COMMA = YES;
				CLANG_WARN_CONSTANT_CONVERSION = YES;
				CLANG_WARN_DEPRECATED_OBJC_IMPLEMENTATIONS = YES;
				CLANG_WARN_DIRECT_OBJC_ISA_USAGE = YES_ERROR;
				CLANG_WARN_DOCUMENTATION_COMMENTS = YES;
				CLANG_WARN_EMPTY_BODY = YES;
				CLANG_WARN_ENUM_CONVERSION = YES;
				CLANG_WARN_INFINITE_RECURSION = YES;
				CLANG_WARN_INT_CONVERSION = YES;
				CLANG_WARN_NON_LITERAL_NULL_CONVERSION = YES;
				CLANG_WARN_OBJC_IMPLICIT_RETAIN_SELF = YES;
				CLANG_WARN_OBJC_LITERAL_CONVERSION = YES;
				CLANG_WARN_OBJC_ROOT_CLASS = YES_ERROR;
				CLANG_WARN_QUOTED_INCLUDE_IN_FRAMEWORK_HEADER = YES;
				CLANG_WARN_RANGE_LOOP_ANALYSIS = YES;
				CLANG_WARN_STRICT_PROTOTYPES = YES;
				CLANG_WARN_SUSPICIOUS_MOVE = YES;
				CLANG_WARN_UNGUARDED_AVAILABILITY = YES_AGGRESSIVE;
				CLANG_WARN_UNREACHABLE_CODE = YES;
				CLANG_WARN__DUPLICATE_METHOD_MATCH = YES;
				COPY_PHASE_STRIP = NO;
				DEBUG_INFORMATION_FORMAT = "dwarf-with-dsym";
				DEVELOPMENT_TEAM = BVPC6QX93W;
				ENABLE_NS_ASSERTIONS = NO;
				ENABLE_STRICT_OBJC_MSGSEND = YES;
				ENABLE_USER_SCRIPT_SANDBOXING = YES;
				GCC_C_LANGUAGE_STANDARD = gnu17;
				GCC_NO_COMMON_BLOCKS = YES;
				GCC_WARN_64_TO_32_BIT_CONVERSION = YES;
				GCC_WARN_ABOUT_RETURN_TYPE = YES_ERROR;
				GCC_WARN_UNDECLARED_SELECTOR = YES;
				GCC_WARN_UNINITIALIZED_AUTOS = YES_AGGRESSIVE;
				GCC_WARN_UNUSED_FUNCTION = YES;
				GCC_WARN_UNUSED_VARIABLE = YES;
				IPHONEOS_DEPLOYMENT_TARGET = 18.4;
				LOCALIZATION_PREFERS_STRING_CATALOGS = YES;
				MTL_ENABLE_DEBUG_INFO = NO;
				MTL_FAST_MATH = YES;
				SDKROOT = iphoneos;
				SWIFT_COMPILATION_MODE = wholemodule;
				VALIDATE_PRODUCT = YES;
			};
			name = Release;
		};
		EAD9C6522DDDEF70006FBDD9 /* Debug */ = {
			isa = XCBuildConfiguration;
			buildSettings = {
				ASSETCATALOG_COMPILER_APPICON_NAME = AppIcon;
				ASSETCATALOG_COMPILER_GLOBAL_ACCENT_COLOR_NAME = AccentColor;
				CODE_SIGN_STYLE = Automatic;
				CURRENT_PROJECT_VERSION = 1;
				DEVELOPMENT_TEAM = BVPC6QX93W;
				ENABLE_PREVIEWS = YES;
				GENERATE_INFOPLIST_FILE = YES;
				INFOPLIST_FILE = MindEase/Info.plist;
				INFOPLIST_KEY_UIApplicationSceneManifest_Generation = YES;
				INFOPLIST_KEY_UIApplicationSupportsIndirectInputEvents = YES;
				INFOPLIST_KEY_UILaunchScreen_Generation = YES;
				INFOPLIST_KEY_UISupportedInterfaceOrientations_iPad = "UIInterfaceOrientationPortrait UIInterfaceOrientationPortraitUpsideDown UIInterfaceOrientationLandscapeLeft UIInterfaceOrientationLandscapeRight";
				INFOPLIST_KEY_UISupportedInterfaceOrientations_iPhone = "UIInterfaceOrientationPortrait UIInterfaceOrientationLandscapeLeft UIInterfaceOrientationLandscapeRight";
				LD_RUNPATH_SEARCH_PATHS = (
					"$(inherited)",
					"@executable_path/Frameworks",
				);
				MARKETING_VERSION = 1.0;
				PRODUCT_BUNDLE_IDENTIFIER = com.rickyprimay.MindEase;
				PRODUCT_NAME = "$(TARGET_NAME)";
				SWIFT_EMIT_LOC_STRINGS = YES;
				SWIFT_VERSION = 5.0;
				TARGETED_DEVICE_FAMILY = "1,2";
			};
			name = Debug;
		};
		EAD9C6532DDDEF70006FBDD9 /* Release */ = {
			isa = XCBuildConfiguration;
			buildSettings = {
				ASSETCATALOG_COMPILER_APPICON_NAME = AppIcon;
				ASSETCATALOG_COMPILER_GLOBAL_ACCENT_COLOR_NAME = AccentColor;
				CODE_SIGN_STYLE = Automatic;
				CURRENT_PROJECT_VERSION = 1;
				DEVELOPMENT_TEAM = BVPC6QX93W;
				ENABLE_PREVIEWS = YES;
				GENERATE_INFOPLIST_FILE = YES;
				INFOPLIST_FILE = MindEase/Info.plist;
				INFOPLIST_KEY_UIApplicationSceneManifest_Generation = YES;
				INFOPLIST_KEY_UIApplicationSupportsIndirectInputEvents = YES;
				INFOPLIST_KEY_UILaunchScreen_Generation = YES;
				INFOPLIST_KEY_UISupportedInterfaceOrientations_iPad = "UIInterfaceOrientationPortrait UIInterfaceOrientationPortraitUpsideDown UIInterfaceOrientationLandscapeLeft UIInterfaceOrientationLandscapeRight";
				INFOPLIST_KEY_UISupportedInterfaceOrientations_iPhone = "UIInterfaceOrientationPortrait UIInterfaceOrientationLandscapeLeft UIInterfaceOrientationLandscapeRight";
				LD_RUNPATH_SEARCH_PATHS = (
					"$(inherited)",
					"@executable_path/Frameworks",
				);
				MARKETING_VERSION = 1.0;
				PRODUCT_BUNDLE_IDENTIFIER = com.rickyprimay.MindEase;
				PRODUCT_NAME = "$(TARGET_NAME)";
				SWIFT_EMIT_LOC_STRINGS = YES;
				SWIFT_VERSION = 5.0;
				TARGETED_DEVICE_FAMILY = "1,2";
			};
			name = Release;
		};
/* End XCBuildConfiguration section */

/* Begin XCConfigurationList section */
		EAD9C6412DDDEF6F006FBDD9 /* Build configuration list for PBXProject "MindEase" */ = {
			isa = XCConfigurationList;
			buildConfigurations = (
				EAD9C64F2DDDEF70006FBDD9 /* Debug */,
				EAD9C6502DDDEF70006FBDD9 /* Release */,
			);
			defaultConfigurationIsVisible = 0;
			defaultConfigurationName = Release;
		};
		EAD9C6512DDDEF70006FBDD9 /* Build configuration list for PBXNativeTarget "MindEase" */ = {
			isa = XCConfigurationList;
			buildConfigurations = (
				EAD9C6522DDDEF70006FBDD9 /* Debug */,
				EAD9C6532DDDEF70006FBDD9 /* Release */,
			);
			defaultConfigurationIsVisible = 0;
			defaultConfigurationName = Release;
		};
/* End XCConfigurationList section */

/* Begin XCRemoteSwiftPackageReference section */
		EA427D0E2DDE1C2F0006FBDD /* XCRemoteSwiftPackageReference "SDWebImageSwiftUI" */ = {
			isa = XCRemoteSwiftPackageReference;
			repositoryURL = "https://github.com/SDWebImage/SDWebImageSwiftUI.git";
			requirement = {
				kind = upToNextMajorVersion;
				minimumVersion = 3.1.3;
			};
		};
		EAD9C6592DDDF37F006FBDD9 /* XCRemoteSwiftPackageReference "firebase-ios-sdk" */ = {
			isa = XCRemoteSwiftPackageReference;
			repositoryURL = "https://github.com/firebase/firebase-ios-sdk";
			requirement = {
				kind = upToNextMajorVersion;
				minimumVersion = 11.13.0;
			};
		};
		EAD9C66A2DDDF69D006FBDD9 /* XCRemoteSwiftPackageReference "GoogleSignIn-iOS" */ = {
			isa = XCRemoteSwiftPackageReference;
			repositoryURL = "https://github.com/google/GoogleSignIn-iOS";
			requirement = {
				kind = upToNextMajorVersion;
				minimumVersion = 8.0.0;
			};
		};
/* End XCRemoteSwiftPackageReference section */

/* Begin XCSwiftPackageProductDependency section */
		EA427D0F2DDE1C2F0006FBDD /* SDWebImageSwiftUI */ = {
			isa = XCSwiftPackageProductDependency;
			package = EA427D0E2DDE1C2F0006FBDD /* XCRemoteSwiftPackageReference "SDWebImageSwiftUI" */;
			productName = SDWebImageSwiftUI;
		};
		EAD9C65A2DDDF37F006FBDD9 /* FirebaseAnalytics */ = {
			isa = XCSwiftPackageProductDependency;
			package = EAD9C6592DDDF37F006FBDD9 /* XCRemoteSwiftPackageReference "firebase-ios-sdk" */;
			productName = FirebaseAnalytics;
		};
		EAD9C65C2DDDF37F006FBDD9 /* FirebaseAuth */ = {
			isa = XCSwiftPackageProductDependency;
			package = EAD9C6592DDDF37F006FBDD9 /* XCRemoteSwiftPackageReference "firebase-ios-sdk" */;
			productName = FirebaseAuth;
		};
		EAD9C65E2DDDF37F006FBDD9 /* FirebaseCore */ = {
			isa = XCSwiftPackageProductDependency;
			package = EAD9C6592DDDF37F006FBDD9 /* XCRemoteSwiftPackageReference "firebase-ios-sdk" */;
			productName = FirebaseCore;
		};
		EAD9C6602DDDF37F006FBDD9 /* FirebaseCrashlytics */ = {
			isa = XCSwiftPackageProductDependency;
			package = EAD9C6592DDDF37F006FBDD9 /* XCRemoteSwiftPackageReference "firebase-ios-sdk" */;
			productName = FirebaseCrashlytics;
		};
		EAD9C6622DDDF37F006FBDD9 /* FirebaseFirestore */ = {
			isa = XCSwiftPackageProductDependency;
			package = EAD9C6592DDDF37F006FBDD9 /* XCRemoteSwiftPackageReference "firebase-ios-sdk" */;
			productName = FirebaseFirestore;
		};
		EAD9C6642DDDF37F006FBDD9 /* FirebaseMessaging */ = {
			isa = XCSwiftPackageProductDependency;
			package = EAD9C6592DDDF37F006FBDD9 /* XCRemoteSwiftPackageReference "firebase-ios-sdk" */;
			productName = FirebaseMessaging;
		};
		EAD9C6662DDDF37F006FBDD9 /* FirebaseRemoteConfig */ = {
			isa = XCSwiftPackageProductDependency;
			package = EAD9C6592DDDF37F006FBDD9 /* XCRemoteSwiftPackageReference "firebase-ios-sdk" */;
			productName = FirebaseRemoteConfig;
		};
		EAD9C6682DDDF37F006FBDD9 /* FirebaseStorage */ = {
			isa = XCSwiftPackageProductDependency;
			package = EAD9C6592DDDF37F006FBDD9 /* XCRemoteSwiftPackageReference "firebase-ios-sdk" */;
			productName = FirebaseStorage;
		};
		EAD9C66B2DDDF69D006FBDD9 /* GoogleSignIn */ = {
			isa = XCSwiftPackageProductDependency;
			package = EAD9C66A2DDDF69D006FBDD9 /* XCRemoteSwiftPackageReference "GoogleSignIn-iOS" */;
			productName = GoogleSignIn;
		};
		EAD9C66D2DDDF69D006FBDD9 /* GoogleSignInSwift */ = {
			isa = XCSwiftPackageProductDependency;
			package = EAD9C66A2DDDF69D006FBDD9 /* XCRemoteSwiftPackageReference "GoogleSignIn-iOS" */;
			productName = GoogleSignInSwift;
		};
/* End XCSwiftPackageProductDependency section */
	};
	rootObject = EAD9C63E2DDDEF6F006FBDD9 /* Project object */;
}
